
Microsoft Visual Studio Solution File, Format Version 12.00
# Visual Studio 15
VisualStudioVersion = 15.0.28010.2048
MinimumVisualStudioVersion = 10.0.40219.1
Project("{FAE04EC0-301F-11D3-BF4B-00C04F79EFBC}") = "DuckDuckGo.Android", "DuckDuckGo\DuckDuckGo.Android\DuckDuckGo.Android.csproj", "{0320E1C2-8B91-4462-9154-525989FB93ED}"
EndProject
Project("{FAE04EC0-301F-11D3-BF4B-00C04F79EFBC}") = "DuckDuckGo", "DuckDuckGo\DuckDuckGo\DuckDuckGo.csproj", "{35D6F858-C8F0-4847-BEC1-C31B45188AF7}"
EndProject
Global
	GlobalSection(SolutionConfigurationPlatforms) = preSolution
		Debug|Any CPU = Debug|Any CPU
		Release|Any CPU = Release|Any CPU
	EndGlobalSection
	GlobalSection(ProjectConfigurationPlatforms) = postSolution
		{0320E1C2-8B91-4462-9154-525989FB93ED}.Debug|Any CPU.ActiveCfg = Debug|Any CPU
		{0320E1C2-8B91-4462-9154-525989FB93ED}.Debug|Any CPU.Build.0 = Debug|Any CPU
		{0320E1C2-8B91-4462-9154-525989FB93ED}.Debug|Any CPU.Deploy.0 = Debug|Any CPU
		{0320E1C2-8B91-4462-9154-525989FB93ED}.Release|Any CPU.ActiveCfg = Release|Any CPU
		{0320E1C2-8B91-4462-9154-525989FB93ED}.Release|Any CPU.Build.0 = Release|Any CPU
		{0320E1C2-8B91-4462-9154-525989FB93ED}.Release|Any CPU.Deploy.0 = Release|Any CPU
		{35D6F858-C8F0-4847-BEC1-C31B45188AF7}.Debug|Any CPU.ActiveCfg = Debug|Any CPU
		{35D6F858-C8F0-4847-BEC1-C31B45188AF7}.Debug|Any CPU.Build.0 = Debug|Any CPU
		{35D6F858-C8F0-4847-BEC1-C31B45188AF7}.Debug|Any CPU.Deploy.0 = Debug|Any CPU
		{35D6F858-C8F0-4847-BEC1-C31B45188AF7}.Release|Any CPU.ActiveCfg = Release|Any CPU
		{35D6F858-C8F0-4847-BEC1-C31B45188AF7}.Release|Any CPU.Build.0 = Release|Any CPU
		{35D6F858-C8F0-4847-BEC1-C31B45188AF7}.Release|Any CPU.Deploy.0 = Release|Any CPU
	EndGlobalSection
	GlobalSection(SolutionProperties) = preSolution
		HideSolutionNode = FALSE
	EndGlobalSection
	GlobalSection(ExtensibilityGlobals) = postSolution
		SolutionGuid = {2624A6A4-B530-4128-A7C7-2D5FD48563E1}
	EndGlobalSection
EndGlobal
